
Microsoft Visual Studio Solution File, Format Version 12.00
# Visual Studio 2013
VisualStudioVersion = 12.0.31101.0
MinimumVisualStudioVersion = 10.0.40219.1
Project("{FAE04EC0-301F-11D3-BF4B-00C04F79EFBC}") = "WeightTracker", "WeightTracker\WeightTracker.csproj", "{6113A10F-6998-4DCB-A191-3A0C0A1EE424}"
EndProject
Project("{FAE04EC0-301F-11D3-BF4B-00C04F79EFBC}") = "WeightTracker.Wpf", "WeightTracker.Wpf\WeightTracker.Wpf.csproj", "{D03B6DA3-EEFC-40CA-93D1-6089D85C4044}"
EndProject
Global
	GlobalSection(SolutionConfigurationPlatforms) = preSolution
		Debug|Any CPU = Debug|Any CPU
		Release|Any CPU = Release|Any CPU
	EndGlobalSection
	GlobalSection(ProjectConfigurationPlatforms) = postSolution
		{6113A10F-6998-4DCB-A191-3A0C0A1EE424}.Debug|Any CPU.ActiveCfg = Debug|Any CPU
		{6113A10F-6998-4DCB-A191-3A0C0A1EE424}.Debug|Any CPU.Build.0 = Debug|Any CPU
		{6113A10F-6998-4DCB-A191-3A0C0A1EE424}.Release|Any CPU.ActiveCfg = Release|Any CPU
		{6113A10F-6998-4DCB-A191-3A0C0A1EE424}.Release|Any CPU.Build.0 = Release|Any CPU
		{D03B6DA3-EEFC-40CA-93D1-6089D85C4044}.Debug|Any CPU.ActiveCfg = Debug|Any CPU
		{D03B6DA3-EEFC-40CA-93D1-6089D85C4044}.Debug|Any CPU.Build.0 = Debug|Any CPU
		{D03B6DA3-EEFC-40CA-93D1-6089D85C4044}.Release|Any CPU.ActiveCfg = Release|Any CPU
		{D03B6DA3-EEFC-40CA-93D1-6089D85C4044}.Release|Any CPU.Build.0 = Release|Any CPU
	EndGlobalSection
	GlobalSection(SolutionProperties) = preSolution
		HideSolutionNode = FALSE
	EndGlobalSection
EndGlobal
